
Microsoft Visual Studio Solution File, Format Version 12.00
# Visual Studio Version 16
VisualStudioVersion = 16.0.30711.63
MinimumVisualStudioVersion = 10.0.40219.1
Project("{9A19103F-16F7-4668-BE54-9A1E7A4F7556}") = "EmployeeManager.DataAccess", "EmployeeManager.DataAccess\EmployeeManager.DataAccess.csproj", "{A425173A-C3F9-4251-AFF9-7E95BD7B4BBA}"
EndProject
Project("{9A19103F-16F7-4668-BE54-9A1E7A4F7556}") = "EmployeeManager.Common", "EmployeeManager.Common\EmployeeManager.Common.csproj", "{A4D5CF54-E102-45EE-A686-030D64246202}"
EndProject
Project("{2150E333-8FDC-42A3-9474-1A3956D46DE8}") = "Libraries", "Libraries", "{DD912DD1-7B66-4245-BD63-C01207561341}"
EndProject
Project("{C7167F0D-BC9F-4E6E-AFE1-012C56B48DB5}") = "EmployeeManager.WinUi (Package)", "EmployeeManager.WinUi\EmployeeManager.WinUi (Package)\EmployeeManager.WinUi (Package).wapproj", "{7C5D9E4D-FEBF-4C7C-8490-97C74DA7A639}"
EndProject
Project("{9A19103F-16F7-4668-BE54-9A1E7A4F7556}") = "EmployeeManager.WinUi", "EmployeeManager.WinUi\EmployeeManager.WinUi\EmployeeManager.WinUi.csproj", "{F26E628D-2BA3-4F76-B19F-9CAA735412BE}"
EndProject
Project("{9A19103F-16F7-4668-BE54-9A1E7A4F7556}") = "EmployeeManager.ViewModel", "EmployeeManager.ViewModel\EmployeeManager.ViewModel.csproj", "{C8C9F840-EEAF-4266-909C-5030163F594C}"
EndProject
Project("{2150E333-8FDC-42A3-9474-1A3956D46DE8}") = "WinUI", "WinUI", "{FFD36685-3E24-455F-8C49-83CE29D1E91B}"
EndProject
Project("{2150E333-8FDC-42A3-9474-1A3956D46DE8}") = "WPF", "WPF", "{AD98D089-50BC-4D6C-AD9B-1786B6427322}"
EndProject
Project("{FAE04EC0-301F-11D3-BF4B-00C04F79EFBC}") = "EmployeeManager.wpf", "EmployeeManager.wpf\EmployeeManager.wpf.csproj", "{70CB24B1-5F0A-4A29-8273-B01DA74D22EB}"
EndProject
Global
	GlobalSection(SolutionConfigurationPlatforms) = preSolution
		Debug|Any CPU = Debug|Any CPU
		Debug|arm64 = Debug|arm64
		Debug|x64 = Debug|x64
		Debug|x86 = Debug|x86
		Release|Any CPU = Release|Any CPU
		Release|arm64 = Release|arm64
		Release|x64 = Release|x64
		Release|x86 = Release|x86
	EndGlobalSection
	GlobalSection(ProjectConfigurationPlatforms) = postSolution
		{A425173A-C3F9-4251-AFF9-7E95BD7B4BBA}.Debug|Any CPU.ActiveCfg = Debug|Any CPU
		{A425173A-C3F9-4251-AFF9-7E95BD7B4BBA}.Debug|Any CPU.Build.0 = Debug|Any CPU
		{A425173A-C3F9-4251-AFF9-7E95BD7B4BBA}.Debug|arm64.ActiveCfg = Debug|Any CPU
		{A425173A-C3F9-4251-AFF9-7E95BD7B4BBA}.Debug|arm64.Build.0 = Debug|Any CPU
		{A425173A-C3F9-4251-AFF9-7E95BD7B4BBA}.Debug|x64.ActiveCfg = Debug|Any CPU
		{A425173A-C3F9-4251-AFF9-7E95BD7B4BBA}.Debug|x64.Build.0 = Debug|Any CPU
		{A425173A-C3F9-4251-AFF9-7E95BD7B4BBA}.Debug|x86.ActiveCfg = Debug|Any CPU
		{A425173A-C3F9-4251-AFF9-7E95BD7B4BBA}.Debug|x86.Build.0 = Debug|Any CPU
		{A425173A-C3F9-4251-AFF9-7E95BD7B4BBA}.Release|Any CPU.ActiveCfg = Release|Any CPU
		{A425173A-C3F9-4251-AFF9-7E95BD7B4BBA}.Release|Any CPU.Build.0 = Release|Any CPU
		{A425173A-C3F9-4251-AFF9-7E95BD7B4BBA}.Release|arm64.ActiveCfg = Release|Any CPU
		{A425173A-C3F9-4251-AFF9-7E95BD7B4BBA}.Release|arm64.Build.0 = Release|Any CPU
		{A425173A-C3F9-4251-AFF9-7E95BD7B4BBA}.Release|x64.ActiveCfg = Release|Any CPU
		{A425173A-C3F9-4251-AFF9-7E95BD7B4BBA}.Release|x64.Build.0 = Release|Any CPU
		{A425173A-C3F9-4251-AFF9-7E95BD7B4BBA}.Release|x86.ActiveCfg = Release|Any CPU
		{A425173A-C3F9-4251-AFF9-7E95BD7B4BBA}.Release|x86.Build.0 = Release|Any CPU
		{A4D5CF54-E102-45EE-A686-030D64246202}.Debug|Any CPU.ActiveCfg = Debug|Any CPU
		{A4D5CF54-E102-45EE-A686-030D64246202}.Debug|Any CPU.Build.0 = Debug|Any CPU
		{A4D5CF54-E102-45EE-A686-030D64246202}.Debug|arm64.ActiveCfg = Debug|Any CPU
		{A4D5CF54-E102-45EE-A686-030D64246202}.Debug|arm64.Build.0 = Debug|Any CPU
		{A4D5CF54-E102-45EE-A686-030D64246202}.Debug|x64.ActiveCfg = Debug|Any CPU
		{A4D5CF54-E102-45EE-A686-030D64246202}.Debug|x64.Build.0 = Debug|Any CPU
		{A4D5CF54-E102-45EE-A686-030D64246202}.Debug|x86.ActiveCfg = Debug|Any CPU
		{A4D5CF54-E102-45EE-A686-030D64246202}.Debug|x86.Build.0 = Debug|Any CPU
		{A4D5CF54-E102-45EE-A686-030D64246202}.Release|Any CPU.ActiveCfg = Release|Any CPU
		{A4D5CF54-E102-45EE-A686-030D64246202}.Release|Any CPU.Build.0 = Release|Any CPU
		{A4D5CF54-E102-45EE-A686-030D64246202}.Release|arm64.ActiveCfg = Release|Any CPU
		{A4D5CF54-E102-45EE-A686-030D64246202}.Release|arm64.Build.0 = Release|Any CPU
		{A4D5CF54-E102-45EE-A686-030D64246202}.Release|x64.ActiveCfg = Release|Any CPU
		{A4D5CF54-E102-45EE-A686-030D64246202}.Release|x64.Build.0 = Release|Any CPU
		{A4D5CF54-E102-45EE-A686-030D64246202}.Release|x86.ActiveCfg = Release|Any CPU
		{A4D5CF54-E102-45EE-A686-030D64246202}.Release|x86.Build.0 = Release|Any CPU
		{7C5D9E4D-FEBF-4C7C-8490-97C74DA7A639}.Debug|Any CPU.ActiveCfg = Debug|x86
		{7C5D9E4D-FEBF-4C7C-8490-97C74DA7A639}.Debug|Any CPU.Build.0 = Debug|x86
		{7C5D9E4D-FEBF-4C7C-8490-97C74DA7A639}.Debug|Any CPU.Deploy.0 = Debug|x86
		{7C5D9E4D-FEBF-4C7C-8490-97C74DA7A639}.Debug|arm64.ActiveCfg = Debug|arm64
		{7C5D9E4D-FEBF-4C7C-8490-97C74DA7A639}.Debug|arm64.Build.0 = Debug|arm64
		{7C5D9E4D-FEBF-4C7C-8490-97C74DA7A639}.Debug|arm64.Deploy.0 = Debug|arm64
		{7C5D9E4D-FEBF-4C7C-8490-97C74DA7A639}.Debug|x64.ActiveCfg = Debug|x64
		{7C5D9E4D-FEBF-4C7C-8490-97C74DA7A639}.Debug|x64.Build.0 = Debug|x64
		{7C5D9E4D-FEBF-4C7C-8490-97C74DA7A639}.Debug|x64.Deploy.0 = Debug|x64
		{7C5D9E4D-FEBF-4C7C-8490-97C74DA7A639}.Debug|x86.ActiveCfg = Debug|x86
		{7C5D9E4D-FEBF-4C7C-8490-97C74DA7A639}.Debug|x86.Build.0 = Debug|x86
		{7C5D9E4D-FEBF-4C7C-8490-97C74DA7A639}.Debug|x86.Deploy.0 = Debug|x86
		{7C5D9E4D-FEBF-4C7C-8490-97C74DA7A639}.Release|Any CPU.ActiveCfg = Release|x86
		{7C5D9E4D-FEBF-4C7C-8490-97C74DA7A639}.Release|arm64.ActiveCfg = Release|arm64
		{7C5D9E4D-FEBF-4C7C-8490-97C74DA7A639}.Release|arm64.Build.0 = Release|arm64
		{7C5D9E4D-FEBF-4C7C-8490-97C74DA7A639}.Release|arm64.Deploy.0 = Release|arm64
		{7C5D9E4D-FEBF-4C7C-8490-97C74DA7A639}.Release|x64.ActiveCfg = Release|x64
		{7C5D9E4D-FEBF-4C7C-8490-97C74DA7A639}.Release|x64.Build.0 = Release|x64
		{7C5D9E4D-FEBF-4C7C-8490-97C74DA7A639}.Release|x64.Deploy.0 = Release|x64
		{7C5D9E4D-FEBF-4C7C-8490-97C74DA7A639}.Release|x86.ActiveCfg = Release|x86
		{7C5D9E4D-FEBF-4C7C-8490-97C74DA7A639}.Release|x86.Build.0 = Release|x86
		{7C5D9E4D-FEBF-4C7C-8490-97C74DA7A639}.Release|x86.Deploy.0 = Release|x86
		{F26E628D-2BA3-4F76-B19F-9CAA735412BE}.Debug|Any CPU.ActiveCfg = Debug|x86
		{F26E628D-2BA3-4F76-B19F-9CAA735412BE}.Debug|Any CPU.Build.0 = Debug|x86
		{F26E628D-2BA3-4F76-B19F-9CAA735412BE}.Debug|arm64.ActiveCfg = Debug|arm64
		{F26E628D-2BA3-4F76-B19F-9CAA735412BE}.Debug|arm64.Build.0 = Debug|arm64
		{F26E628D-2BA3-4F76-B19F-9CAA735412BE}.Debug|x64.ActiveCfg = Debug|x64
		{F26E628D-2BA3-4F76-B19F-9CAA735412BE}.Debug|x64.Build.0 = Debug|x64
		{F26E628D-2BA3-4F76-B19F-9CAA735412BE}.Debug|x86.ActiveCfg = Debug|x86
		{F26E628D-2BA3-4F76-B19F-9CAA735412BE}.Debug|x86.Build.0 = Debug|x86
		{F26E628D-2BA3-4F76-B19F-9CAA735412BE}.Release|Any CPU.ActiveCfg = Release|x86
		{F26E628D-2BA3-4F76-B19F-9CAA735412BE}.Release|arm64.ActiveCfg = Release|arm64
		{F26E628D-2BA3-4F76-B19F-9CAA735412BE}.Release|arm64.Build.0 = Release|arm64
		{F26E628D-2BA3-4F76-B19F-9CAA735412BE}.Release|x64.ActiveCfg = Release|x64
		{F26E628D-2BA3-4F76-B19F-9CAA735412BE}.Release|x64.Build.0 = Release|x64
		{F26E628D-2BA3-4F76-B19F-9CAA735412BE}.Release|x86.ActiveCfg = Release|x86
		{F26E628D-2BA3-4F76-B19F-9CAA735412BE}.Release|x86.Build.0 = Release|x86
		{C8C9F840-EEAF-4266-909C-5030163F594C}.Debug|Any CPU.ActiveCfg = Debug|Any CPU
		{C8C9F840-EEAF-4266-909C-5030163F594C}.Debug|Any CPU.Build.0 = Debug|Any CPU
		{C8C9F840-EEAF-4266-909C-5030163F594C}.Debug|arm64.ActiveCfg = Debug|Any CPU
		{C8C9F840-EEAF-4266-909C-5030163F594C}.Debug|arm64.Build.0 = Debug|Any CPU
		{C8C9F840-EEAF-4266-909C-5030163F594C}.Debug|x64.ActiveCfg = Debug|Any CPU
		{C8C9F840-EEAF-4266-909C-5030163F594C}.Debug|x64.Build.0 = Debug|Any CPU
		{C8C9F840-EEAF-4266-909C-5030163F594C}.Debug|x86.ActiveCfg = Debug|Any CPU
		{C8C9F840-EEAF-4266-909C-5030163F594C}.Debug|x86.Build.0 = Debug|Any CPU
		{C8C9F840-EEAF-4266-909C-5030163F594C}.Release|Any CPU.ActiveCfg = Release|Any CPU
		{C8C9F840-EEAF-4266-909C-5030163F594C}.Release|Any CPU.Build.0 = Release|Any CPU
		{C8C9F840-EEAF-4266-909C-5030163F594C}.Release|arm64.ActiveCfg = Release|Any CPU
		{C8C9F840-EEAF-4266-909C-5030163F594C}.Release|arm64.Build.0 = Release|Any CPU
		{C8C9F840-EEAF-4266-909C-5030163F594C}.Release|x64.ActiveCfg = Release|Any CPU
		{C8C9F840-EEAF-4266-909C-5030163F594C}.Release|x64.Build.0 = Release|Any CPU
		{C8C9F840-EEAF-4266-909C-5030163F594C}.Release|x86.ActiveCfg = Release|Any CPU
		{C8C9F840-EEAF-4266-909C-5030163F594C}.Release|x86.Build.0 = Release|Any CPU
		{70CB24B1-5F0A-4A29-8273-B01DA74D22EB}.Debug|Any CPU.ActiveCfg = Debug|Any CPU
		{70CB24B1-5F0A-4A29-8273-B01DA74D22EB}.Debug|Any CPU.Build.0 = Debug|Any CPU
		{70CB24B1-5F0A-4A29-8273-B01DA74D22EB}.Debug|arm64.ActiveCfg = Debug|Any CPU
		{70CB24B1-5F0A-4A29-8273-B01DA74D22EB}.Debug|arm64.Build.0 = Debug|Any CPU
		{70CB24B1-5F0A-4A29-8273-B01DA74D22EB}.Debug|x64.ActiveCfg = Debug|Any CPU
		{70CB24B1-5F0A-4A29-8273-B01DA74D22EB}.Debug|x64.Build.0 = Debug|Any CPU
		{70CB24B1-5F0A-4A29-8273-B01DA74D22EB}.Debug|x86.ActiveCfg = Debug|Any CPU
		{70CB24B1-5F0A-4A29-8273-B01DA74D22EB}.Debug|x86.Build.0 = Debug|Any CPU
		{70CB24B1-5F0A-4A29-8273-B01DA74D22EB}.Release|Any CPU.ActiveCfg = Release|Any CPU
		{70CB24B1-5F0A-4A29-8273-B01DA74D22EB}.Release|Any CPU.Build.0 = Release|Any CPU
		{70CB24B1-5F0A-4A29-8273-B01DA74D22EB}.Release|arm64.ActiveCfg = Release|Any CPU
		{70CB24B1-5F0A-4A29-8273-B01DA74D22EB}.Release|arm64.Build.0 = Release|Any CPU
		{70CB24B1-5F0A-4A29-8273-B01DA74D22EB}.Release|x64.ActiveCfg = Release|Any CPU
		{70CB24B1-5F0A-4A29-8273-B01DA74D22EB}.Release|x64.Build.0 = Release|Any CPU
		{70CB24B1-5F0A-4A29-8273-B01DA74D22EB}.Release|x86.ActiveCfg = Release|Any CPU
		{70CB24B1-5F0A-4A29-8273-B01DA74D22EB}.Release|x86.Build.0 = Release|Any CPU
	EndGlobalSection
	GlobalSection(SolutionProperties) = preSolution
		HideSolutionNode = FALSE
	EndGlobalSection
	GlobalSection(NestedProjects) = preSolution
		{A425173A-C3F9-4251-AFF9-7E95BD7B4BBA} = {DD912DD1-7B66-4245-BD63-C01207561341}
		{A4D5CF54-E102-45EE-A686-030D64246202} = {DD912DD1-7B66-4245-BD63-C01207561341}
		{7C5D9E4D-FEBF-4C7C-8490-97C74DA7A639} = {FFD36685-3E24-455F-8C49-83CE29D1E91B}
		{F26E628D-2BA3-4F76-B19F-9CAA735412BE} = {FFD36685-3E24-455F-8C49-83CE29D1E91B}
		{C8C9F840-EEAF-4266-909C-5030163F594C} = {DD912DD1-7B66-4245-BD63-C01207561341}
		{FFD36685-3E24-455F-8C49-83CE29D1E91B} = {DD912DD1-7B66-4245-BD63-C01207561341}
		{AD98D089-50BC-4D6C-AD9B-1786B6427322} = {DD912DD1-7B66-4245-BD63-C01207561341}
		{70CB24B1-5F0A-4A29-8273-B01DA74D22EB} = {AD98D089-50BC-4D6C-AD9B-1786B6427322}
	EndGlobalSection
	GlobalSection(ExtensibilityGlobals) = postSolution
		SolutionGuid = {8D719E33-FCFD-4644-95C9-2842C22D405F}
	EndGlobalSection
EndGlobal
